# This file is autogenerated, do not edit; changes may be undone by the next 'dep ensure'.


[[projects]]
  branch = "master"
  digest = "1:f1b4c329daa33d8ec7f309ce88039045ed2642d9e293336496a96396aab96d71"
  name = "github.com/unrolled/logger"
  packages = ["."]
  pruneopts = "UT"
  revision = "be1a2406c7c9ecadd60d2ffb9d473df3c46e314e"

[solve-meta]
  analyzer-name = "dep"
  analyzer-version = 1
  input-imports = ["github.com/unrolled/logger"]
  solver-name = "gps-cdcl"
  solver-version = 1
